// !$*UTF8*$!
{
	archiveVersion = 1;
	classes = {
	};
	objectVersion = 46;
	objects = {

/* Begin PBXBuildFile section */
		ADC4C07F1CB4CB20000B44D2 /* AppDelegate.swift in Sources */ = {isa = PBXBuildFile; fileRef = ADC4C07E1CB4CB20000B44D2 /* AppDelegate.swift */; };
		ADC4C0811CB4CB20000B44D2 /* ViewController.swift in Sources */ = {isa = PBXBuildFile; fileRef = ADC4C0801CB4CB20000B44D2 /* ViewController.swift */; };
		ADC4C0841CB4CB21000B44D2 /* Main.storyboard in Resources */ = {isa = PBXBuildFile; fileRef = ADC4C0821CB4CB21000B44D2 /* Main.storyboard */; };
		ADC4C0861CB4CB21000B44D2 /* Assets.xcassets in Resources */ = {isa = PBXBuildFile; fileRef = ADC4C0851CB4CB21000B44D2 /* Assets.xcassets */; };
		ADC4C0891CB4CB21000B44D2 /* LaunchScreen.storyboard in Resources */ = {isa = PBXBuildFile; fileRef = ADC4C0871CB4CB21000B44D2 /* LaunchScreen.storyboard */; };
/* End PBXBuildFile section */

/* Begin PBXFileReference section */
		ADC4C07B1CB4CB20000B44D2 /* AVPlayerTest.app */ = {isa = PBXFileReference; explicitFileType = wrapper.application; includeInIndex = 0; path = AVPlayerTest.app; sourceTree = BUILT_PRODUCTS_DIR; };
		ADC4C07E1CB4CB20000B44D2 /* AppDelegate.swift */ = {isa = PBXFileReference; lastKnownFileType = sourcecode.swift; path = AppDelegate.swift; sourceTree = "<group>"; };
		ADC4C0801CB4CB20000B44D2 /* ViewController.swift */ = {isa = PBXFileReference; lastKnownFileType = sourcecode.swift; path = ViewController.swift; sourceTree = "<group>"; };
		ADC4C0831CB4CB21000B44D2 /* Base */ = {isa = PBXFileReference; lastKnownFileType = file.storyboard; name = Base; path = Base.lproj/Main.storyboard; sourceTree = "<group>"; };
		ADC4C0851CB4CB21000B44D2 /* Assets.xcassets */ = {isa = PBXFileReference; lastKnownFileType = folder.assetcatalog; path = Assets.xcassets; sourceTree = "<group>"; };
		ADC4C0881CB4CB21000B44D2 /* Base */ = {isa = PBXFileReference; lastKnownFileType = file.storyboard; name = Base; path = Base.lproj/LaunchScreen.storyboard; sourceTree = "<group>"; };
		ADC4C08A1CB4CB21000B44D2 /* Info.plist */ = {isa = PBXFileReference; lastKnownFileType = text.plist.xml; path = Info.plist; sourceTree = "<group>"; };
/* End PBXFileReference section */

/* Begin PBXFrameworksBuildPhase section */
		ADC4C0781CB4CB20000B44D2 /* Frameworks */ = {
			isa = PBXFrameworksBuildPhase;
			buildActionMask = 2147483647;
			files = (
			);
			runOnlyForDeploymentPostprocessing = 0;
		};
/* End PBXFrameworksBuildPhase section */

/* Begin PBXGroup section */
		ADC4C0721CB4CB20000B44D2 = {
			isa = PBXGroup;
			children = (
				ADC4C07D1CB4CB20000B44D2 /* AVPlayerTest */,
				ADC4C07C1CB4CB20000B44D2 /* Products */,
			);
			sourceTree = "<group>";
		};
		ADC4C07C1CB4CB20000B44D2 /* Products */ = {
			isa = PBXGroup;
			children = (
				ADC4C07B1CB4CB20000B44D2 /* AVPlayerTest.app */,
			);
			name = Products;
			sourceTree = "<group>";
		};
		ADC4C07D1CB4CB20000B44D2 /* AVPlayerTest */ = {
			isa = PBXGroup;
			children = (
				ADC4C07E1CB4CB20000B44D2 /* AppDelegate.swift */,
				ADC4C0801CB4CB20000B44D2 /* ViewController.swift */,
				ADC4C0821CB4CB21000B44D2 /* Main.storyboard */,
				ADC4C0851CB4CB21000B44D2 /* Assets.xcassets */,
				ADC4C0871CB4CB21000B44D2 /* LaunchScreen.storyboard */,
				ADC4C08A1CB4CB21000B44D2 /* Info.plist */,
			);
			path = AVPlayerTest;
			sourceTree = "<group>";
		};
/* End PBXGroup section */

/* Begin PBXNativeTarget section */
		ADC4C07A1CB4CB20000B44D2 /* AVPlayerTest */ = {
			isa = PBXNativeTarget;
			buildConfigurationList = ADC4C08D1CB4CB21000B44D2 /* Build configuration list for PBXNativeTarget "AVPlayerTest" */;
			buildPhases = (
				ADC4C0771CB4CB20000B44D2 /* Sources */,
				ADC4C0781CB4CB20000B44D2 /* Frameworks */,
				ADC4C0791CB4CB20000B44D2 /* Resources */,
			);
			buildRules = (
			);
			dependencies = (
			);
			name = AVPlayerTest;
			productName = AVPlayerTest;
			productReference = ADC4C07B1CB4CB20000B44D2 /* AVPlayerTest.app */;
			productType = "com.apple.product-type.application";
		};
/* End PBXNativeTarget section */

/* Begin PBXProject section */
		ADC4C0731CB4CB20000B44D2 /* Project object */ = {
			isa = PBXProject;
			attributes = {
				LastSwiftUpdateCheck = 0730;
				LastUpgradeCheck = 0730;
				ORGANIZATIONNAME = "Neuro Leap";
				TargetAttributes = {
					ADC4C07A1CB4CB20000B44D2 = {
						CreatedOnToolsVersion = 7.3;
					};
				};
			};
			buildConfigurationList = ADC4C0761CB4CB20000B44D2 /* Build configuration list for PBXProject "AVPlayerTest" */;
			compatibilityVersion = "Xcode 3.2";
			developmentRegion = English;
			hasScannedForEncodings = 0;
			knownRegions = (
				en,
				Base,
			);
			mainGroup = ADC4C0721CB4CB20000B44D2;
			productRefGroup = ADC4C07C1CB4CB20000B44D2 /* Products */;
			projectDirPath = "";
			projectRoot = "";
			targets = (
				ADC4C07A1CB4CB20000B44D2 /* AVPlayerTest */,
			);
		};
/* End PBXProject section */

/* Begin PBXResourcesBuildPhase section */
		ADC4C0791CB4CB20000B44D2 /* Resources */ = {
			isa = PBXResourcesBuildPhase;
			buildActionMask = 2147483647;
			files = (
				ADC4C0891CB4CB21000B44D2 /* LaunchScreen.storyboard in Resources */,
				ADC4C0861CB4CB21000B44D2 /* Assets.xcassets in Resources */,
				ADC4C0841CB4CB21000B44D2 /* Main.storyboard in Resources */,
			);
			runOnlyForDeploymentPostprocessing = 0;
		};
/* End PBXResourcesBuildPhase section */

/* Begin PBXSourcesBuildPhase section */
		ADC4C0771CB4CB20000B44D2 /* Sources */ = {
			isa = PBXSourcesBuildPhase;
			buildActionMask = 2147483647;
			files = (
				ADC4C0811CB4CB20000B44D2 /* ViewController.swift in Sources */,
				ADC4C07F1CB4CB20000B44D2 /* AppDelegate.swift in Sources */,
			);
			runOnlyForDeploymentPostprocessing = 0;
		};
/* End PBXSourcesBuildPhase section */

/* Begin PBXVariantGroup section */
		ADC4C0821CB4CB21000B44D2 /* Main.storyboard */ = {
			isa = PBXVariantGroup;
			children = (
				ADC4C0831CB4CB21000B44D2 /* Base */,
			);
			name = Main.storyboard;
			sourceTree = "<group>";
		};
		ADC4C0871CB4CB21000B44D2 /* LaunchScreen.storyboard */ = {
			isa = PBXVariantGroup;
			children = (
				ADC4C0881CB4CB21000B44D2 /* Base */,
			);
			name = LaunchScreen.storyboard;
			sourceTree = "<group>";
		};
/* End PBXVariantGroup section */

/* Begin XCBuildConfiguration section */
		ADC4C08B1CB4CB21000B44D2 /* Debug */ = {
			isa = XCBuildConfiguration;
			buildSettings = {
				ALWAYS_SEARCH_USER_PATHS = NO;
				CLANG_ANALYZER_NONNULL = YES;
				CLANG_CXX_LANGUAGE_STANDARD = "gnu++0x";
				CLANG_CXX_LIBRARY = "libc++";
				CLANG_ENABLE_MODULES = YES;
				CLANG_ENABLE_OBJC_ARC = YES;
				CLANG_WARN_BOOL_CONVERSION = YES;
				CLANG_WARN_CONSTANT_CONVERSION = YES;
				CLANG_WARN_DIRECT_OBJC_ISA_USAGE = YES_ERROR;
				CLANG_WARN_EMPTY_BODY = YES;
				CLANG_WARN_ENUM_CONVERSION = YES;
				CLANG_WARN_INT_CONVERSION = YES;
				CLANG_WARN_OBJC_ROOT_CLASS = YES_ERROR;
				CLANG_WARN_UNREACHABLE_CODE = YES;
				CLANG_WARN__DUPLICATE_METHOD_MATCH = YES;
				"CODE_SIGN_IDENTITY[sdk=iphoneos*]" = "iPhone Developer";
				COPY_PHASE_STRIP = NO;
				DEBUG_INFORMATION_FORMAT = dwarf;
				ENABLE_STRICT_OBJC_MSGSEND = YES;
				ENABLE_TESTABILITY = YES;
				GCC_C_LANGUAGE_STANDARD = gnu99;
				GCC_DYNAMIC_NO_PIC = NO;
				GCC_NO_COMMON_BLOCKS = YES;
				GCC_OPTIMIZATION_LEVEL = 0;
				GCC_PREPROCESSOR_DEFINITIONS = (
					"DEBUG=1",
					"$(inherited)",
				);
				GCC_WARN_64_TO_32_BIT_CONVERSION = YES;
				GCC_WARN_ABOUT_RETURN_TYPE = YES_ERROR;
				GCC_WARN_UNDECLARED_SELECTOR = YES;
				GCC_WARN_UNINITIALIZED_AUTOS = YES_AGGRESSIVE;
				GCC_WARN_UNUSED_FUNCTION = YES;
				GCC_WARN_UNUSED_VARIABLE = YES;
				IPHONEOS_DEPLOYMENT_TARGET = 9.3;
				MTL_ENABLE_DEBUG_INFO = YES;
				ONLY_ACTIVE_ARCH = YES;
				SDKROOT = iphoneos;
				SWIFT_OPTIMIZATION_LEVEL = "-Onone";
				TARGETED_DEVICE_FAMILY = 2;
			};
			name = Debug;
		};
		ADC4C08C1CB4CB21000B44D2 /* Release */ = {
			isa = XCBuildConfiguration;
			buildSettings = {
				ALWAYS_SEARCH_USER_PATHS = NO;
				CLANG_ANALYZER_NONNULL = YES;
				CLANG_CXX_LANGUAGE_STANDARD = "gnu++0x";
				CLANG_CXX_LIBRARY = "libc++";
				CLANG_ENABLE_MODULES = YES;
				CLANG_ENABLE_OBJC_ARC = YES;
				CLANG_WARN_BOOL_CONVERSION = YES;
				CLANG_WARN_CONSTANT_CONVERSION = YES;
				CLANG_WARN_DIRECT_OBJC_ISA_USAGE = YES_ERROR;
				CLANG_WARN_EMPTY_BODY = YES;
				CLANG_WARN_ENUM_CONVERSION = YES;
				CLANG_WARN_INT_CONVERSION = YES;
				CLANG_WARN_OBJC_ROOT_CLASS = YES_ERROR;
				CLANG_WARN_UNREACHABLE_CODE = YES;
				CLANG_WARN__DUPLICATE_METHOD_MATCH = YES;
				"CODE_SIGN_IDENTITY[sdk=iphoneos*]" = "iPhone Developer";
				COPY_PHASE_STRIP = NO;
				DEBUG_INFORMATION_FORMAT = "dwarf-with-dsym";
				ENABLE_NS_ASSERTIONS = NO;
				ENABLE_STRICT_OBJC_MSGSEND = YES;
				GCC_C_LANGUAGE_STANDARD = gnu99;
				GCC_NO_COMMON_BLOCKS = YES;
				GCC_WARN_64_TO_32_BIT_CONVERSION = YES;
				GCC_WARN_ABOUT_RETURN_TYPE = YES_ERROR;
				GCC_WARN_UNDECLARED_SELECTOR = YES;
				GCC_WARN_UNINITIALIZED_AUTOS = YES_AGGRESSIVE;
				GCC_WARN_UNUSED_FUNCTION = YES;
				GCC_WARN_UNUSED_VARIABLE = YES;
				IPHONEOS_DEPLOYMENT_TARGET = 9.3;
				MTL_ENABLE_DEBUG_INFO = NO;
				SDKROOT = iphoneos;
				TARGETED_DEVICE_FAMILY = 2;
				VALIDATE_PRODUCT = YES;
			};
			name = Release;
		};
		ADC4C08E1CB4CB21000B44D2 /* Debug */ = {
			isa = XCBuildConfiguration;
			buildSettings = {
				ASSETCATALOG_COMPILER_APPICON_NAME = AppIcon;
				INFOPLIST_FILE = AVPlayerTest/Info.plist;
				LD_RUNPATH_SEARCH_PATHS = "$(inherited) @executable_path/Frameworks";
				PRODUCT_BUNDLE_IDENTIFIER = com.neuroleap.AVPlayerTest;
				PRODUCT_NAME = "$(TARGET_NAME)";
			};
			name = Debug;
		};
		ADC4C08F1CB4CB21000B44D2 /* Release */ = {
			isa = XCBuildConfiguration;
			buildSettings = {
				ASSETCATALOG_COMPILER_APPICON_NAME = AppIcon;
				INFOPLIST_FILE = AVPlayerTest/Info.plist;
				LD_RUNPATH_SEARCH_PATHS = "$(inherited) @executable_path/Frameworks";
				PRODUCT_BUNDLE_IDENTIFIER = com.neuroleap.AVPlayerTest;
				PRODUCT_NAME = "$(TARGET_NAME)";
			};
			name = Release;
		};
/* End XCBuildConfiguration section */

/* Begin XCConfigurationList section */
		ADC4C0761CB4CB20000B44D2 /* Build configuration list for PBXProject "AVPlayerTest" */ = {
			isa = XCConfigurationList;
			buildConfigurations = (
				ADC4C08B1CB4CB21000B44D2 /* Debug */,
				ADC4C08C1CB4CB21000B44D2 /* Release */,
			);
			defaultConfigurationIsVisible = 0;
			defaultConfigurationName = Release;
		};
		ADC4C08D1CB4CB21000B44D2 /* Build configuration list for PBXNativeTarget "AVPlayerTest" */ = {
			isa = XCConfigurationList;
			buildConfigurations = (
				ADC4C08E1CB4CB21000B44D2 /* Debug */,
				ADC4C08F1CB4CB21000B44D2 /* Release */,
			);
			defaultConfigurationIsVisible = 0;
		};
/* End XCConfigurationList section */
	};
	rootObject = ADC4C0731CB4CB20000B44D2 /* Project object */;
}
